{
  "name": "npm",
  "version": "1.4.9",
  "lockfileVersion": 2,
  "requires": true,
  "packages": {
    "": {
      "name": "npm",
      "version": "1.4.9",
      "bundleDependencies": [
        "abbrev",
        "ansi",
        "ansicolors",
        "ansistyles",
        "archy",
        "block-stream",
        "child-process-close",
        "chmodr",
        "chownr",
        "cmd-shim",
        "columnify",
        "editor",
        "fstream",
        "fstream-npm",
        "github-url-from-git",
        "github-url-from-username-repo",
        "glob",
        "graceful-fs",
        "inherits",
        "ini",
        "init-package-json",
        "lockfile",
        "lru-cache",
        "minimatch",
        "mkdirp",
        "node-gyp",
        "nopt",
        "normalize-package-data",
        "npm-install-checks",
        "npm-registry-client",
        "npm-user-validate",
        "npmconf",
        "npmlog",
        "once",
        "opener",
        "osenv",
        "path-is-inside",
        "read",
        "read-installed",
        "read-package-json",
        "request",
        "retry",
        "rimraf",
        "semver",
        "sha",
        "slide",
        "sorted-object",
        "tar",
        "text-table",
        "uid-number",
        "which"
      ],
      "license": "Artistic-2.0",
      "dependencies": {
        "abbrev": "~1.0.4",
        "ansi": "~0.2.1",
        "ansicolors": "~0.3.2",
        "ansistyles": "~0.1.3",
        "archy": "0",
        "block-stream": "0.0.7",
        "child-process-close": "~0.1.1",
        "chmodr": "~0.1.0",
        "chownr": "0",
        "cmd-shim": "~1.1.1",
        "columnify": "0.1.2",
        "editor": "0.0.5",
        "fstream": "~0.1.25",
        "fstream-npm": "~0.1.6",
        "github-url-from-git": "1.1.1",
        "github-url-from-username-repo": "~0.1.0",
        "glob": "~3.2.9",
        "graceful-fs": "~2.0.2",
        "ini": "~1.1.0",
        "init-package-json": "0.0.16",
        "lockfile": "~0.4.0",
        "lru-cache": "~2.5.0",
        "minimatch": "~0.2.14",
        "mkdirp": "~0.3.5",
        "node-gyp": "~0.13.0",
        "nopt": "~2.2.1",
        "npm-install-checks": "~1.0.0",
        "npm-registry-client": "~0.4.8",
        "npm-user-validate": "0.0.3",
        "npmconf": "~0.1.15",
        "npmlog": "0.0.6",
        "once": "~1.3.0",
        "opener": "~1.3.0",
        "osenv": "0",
        "path-is-inside": "~1.0.0",
        "read": "~1.0.4",
        "read-installed": "~2.0.1",
        "read-package-json": "~1.1.9",
        "request": "~2.30.0",
        "retry": "~0.6.0",
        "rimraf": "~2.2.5",
        "semver": "~2.2.1",
        "sha": "~1.2.1",
        "slide": "~1.1.5",
        "sorted-object": "~1.0.0",
        "tar": "~0.1.19",
        "text-table": "~0.2.0",
        "uid-number": "0.0.5",
        "which": "1"
      },
      "bin": {
        "npm": "bin/npm-cli.js"
      },
      "devDependencies": {
        "npm-registry-mock": "~0.6.3",
        "ronn": "~0.3.6",
        "tap": "~0.4.9"
      },
      "engines": {
        "node": ">=0.8",
        "npm": "1"
      }
    },
    "node_modules/abbrev": {
      "version": "1.0.4",
      "inBundle": true,
      "license": "MIT"
    },
    "node_modules/ansi": {
      "version": "0.2.1",
      "inBundle": true,
      "bin": {
        "beep": "examples/beep/index.js",
        "clear": "examples/clear/index.js",
        "starwars": "examples/starwars.js"
      },
      "engines": {
        "node": "*"
      }
    },
    "node_modules/ansicolors": {
      "version": "0.3.2",
      "inBundle": true,
      "license": "MIT"
    },
    "node_modules/ansistyles": {
      "version": "0.1.3",
      "inBundle": true,
      "license": "MIT"
    },
    "node_modules/archy": {
      "version": "0.0.2",
      "inBundle": true,
      "license": "MIT/X11",
      "engines": {
        "node": "*"
      }
    },
    "node_modules/block-stream": {
      "version": "0.0.7",
      "inBundle": true,
      "license": "BSD",
      "dependencies": {
        "inherits": "~2.0.0"
      },
      "engines": {
        "node": "0.4 || >=0.5.8"
      }
    },
    "node_modules/buffer-equal": {
      "version": "0.0.2",
      "resolved": "https://registry.npmjs.org/buffer-equal/-/buffer-equal-0.0.2.tgz",
      "integrity": "sha1-7Lt5D1aNQAmKYkK1SAXHWAXrk48=",
      "dev": true,
      "engines": {
        "node": ">=0.4.0"
      }
    },
    "node_modules/bunker": {
      "version": "0.1.2",
      "resolved": "https://registry.npmjs.org/bunker/-/bunker-0.1.2.tgz",
      "integrity": "sha1-yImSRkqOKm7ehpMDdfkrWAd++Xw=",
      "dev": true,
      "dependencies": {
        "burrito": ">=0.2.5 <0.3"
      },
      "engines": {
        "node": "*"
      }
    },
    "node_modules/burrito": {
      "version": "0.2.12",
      "resolved": "https://registry.npmjs.org/burrito/-/burrito-0.2.12.tgz",
      "integrity": "sha1-0NbmrIHV6ZeJxvpKzLCwAx6lT2s=",
      "dev": true,
      "dependencies": {
        "traverse": "~0.5.1",
        "uglify-js": "~1.1.1"
      },
      "engines": {
        "node": ">=0.4.0"
      }
    },
    "node_modules/burrito/node_modules/traverse": {
      "version": "0.5.2",
      "resolved": "https://registry.npmjs.org/traverse/-/traverse-0.5.2.tgz",
      "integrity": "sha1-4gPFjV9/DjfbbnTArLkpuwm2HYU=",
      "dev": true,
      "engines": {
        "node": "*"
      }
    },
    "node_modules/charm": {
      "version": "0.1.2",
      "resolved": "https://registry.npmjs.org/charm/-/charm-0.1.2.tgz",
      "integrity": "sha1-BsIe7RobBq62dVPNxT4jJ0usIpY=",
      "dev": true
    },
    "node_modules/child-process-close": {
      "version": "0.1.1",
      "inBundle": true,
      "license": "MIT"
    },
    "node_modules/chmodr": {
      "version": "0.1.0",
      "inBundle": true,
      "license": "BSD"
    },
    "node_modules/chownr": {
      "version": "0.0.1",
      "inBundle": true,
      "license": "BSD",
      "engines": {
        "node": "*"
      }
    },
    "node_modules/cmd-shim": {
      "version": "1.1.1",
      "inBundle": true,
      "license": "BSD",
      "dependencies": {
        "mkdirp": "~0.3.3"
      },
      "optionalDependencies": {
        "graceful-fs": "2"
      }
    },
    "node_modules/columnify": {
      "version": "0.1.2",
      "inBundle": true,
      "license": "MIT"
    },
    "node_modules/deep-equal": {
      "version": "0.2.1",
      "resolved": "https://registry.npmjs.org/deep-equal/-/deep-equal-0.2.1.tgz",
      "integrity": "sha1-+tenkyJMvww8d4b5LveA5PyMyHg=",
      "dev": true
    },
    "node_modules/deep-is": {
      "version": "0.1.4",
      "resolved": "https://registry.npmjs.org/deep-is/-/deep-is-0.1.4.tgz",
      "integrity": "sha512-oIPzksmTg4/MriiaYGO+okXDT7ztn/w3Eptv/+gSIdMdKsJo0u4CfYNFJPy+4SKMuCqGw2wxnA+URMg3t8a/bQ==",
      "dev": true
    },
    "node_modules/difflet": {
      "version": "0.2.6",
      "resolved": "https://registry.npmjs.org/difflet/-/difflet-0.2.6.tgz",
      "integrity": "sha1-qyOzH1ZJtvqo49KsvTNEZzZcpvo=",
      "dev": true,
      "dependencies": {
        "charm": "0.1.x",
        "deep-is": "0.1.x",
        "traverse": "0.6.x"
      },
      "engines": {
        "node": ">=0.4.0"
      }
    },
    "node_modules/editor": {
      "version": "0.0.5",
      "inBundle": true,
      "license": "MIT"
    },
    "node_modules/fstream": {
      "version": "0.1.25",
      "inBundle": true,
      "license": "BSD",
      "dependencies": {
        "graceful-fs": "~2.0.0",
        "inherits": "~2.0.0",
        "mkdirp": "0.3",
        "rimraf": "2"
      },
      "engines": {
        "node": ">=0.6"
      }
    },
    "node_modules/fstream-npm": {
      "version": "0.1.6",
      "inBundle": true,
      "license": "BSD",
      "dependencies": {
        "fstream-ignore": "~0.0.5",
        "inherits": "2"
      }
    },
    "node_modules/fstream-npm/node_modules/fstream-ignore": {
      "version": "0.0.7",
      "inBundle": true,
      "license": "BSD",
      "dependencies": {
        "fstream": "~0.1.17",
        "inherits": "2",
        "minimatch": "~0.2.0"
      }
    },
    "node_modules/github-url-from-git": {
      "version": "1.1.1",
      "inBundle": true,
      "license": "MIT"
    },
    "node_modules/github-url-from-username-repo": {
      "version": "0.1.0",
      "inBundle": true,
      "license": "BSD-2-Clause"
    },
    "node_modules/glob": {
      "version": "3.2.9",
      "inBundle": true,
      "license": "BSD",
      "dependencies": {
        "inherits": "2",
        "minimatch": "~0.2.11"
      },
      "engines": {
        "node": "*"
      }
    },
    "node_modules/graceful-fs": {
      "version": "2.0.2",
      "inBundle": true,
      "license": "BSD",
      "engines": {
        "node": ">=0.4.0"
      }
    },
    "node_modules/hock": {
      "version": "0.2.5",
      "resolved": "https://registry.npmjs.org/hock/-/hock-0.2.5.tgz",
      "integrity": "sha1-Fk+wUFRMRqM27RmRby8GMAhY0/8=",
      "dev": true,
      "dependencies": {
        "deep-equal": "0.2.1"
      },
      "engines": {
        "node": ">=0.8.x"
      }
    },
    "node_modules/inherits": {
      "version": "2.0.1",
      "inBundle": true,
      "license": "ISC"
    },
    "node_modules/ini": {
      "version": "1.1.0",
      "inBundle": true,
      "engines": {
        "node": "*"
      }
    },
    "node_modules/init-package-json": {
      "version": "0.0.16",
      "inBundle": true,
      "license": "ISC",
      "dependencies": {
        "glob": "~3.2.7",
        "promzard": "~0.2.0",
        "read": "~1.0.1",
        "read-package-json": "1",
        "semver": "2.x"
      }
    },
    "node_modules/init-package-json/node_modules/promzard": {
      "version": "0.2.1",
      "inBundle": true,
      "license": "ISC",
      "dependencies": {
        "read": "1"
      }
    },
    "node_modules/lockfile": {
      "version": "0.4.2",
      "inBundle": true,
      "license": "BSD"
    },
    "node_modules/lru-cache": {
      "version": "2.5.0",
      "inBundle": true,
      "license": "MIT"
    },
    "node_modules/minimatch": {
      "version": "0.2.14",
      "inBundle": true,
      "license": "MIT",
      "dependencies": {
        "lru-cache": "2",
        "sigmund": "~1.0.0"
      },
      "engines": {
        "node": "*"
      }
    },
    "node_modules/minimatch/node_modules/sigmund": {
      "version": "1.0.0",
      "inBundle": true,
      "license": "BSD"
    },
    "node_modules/mkdirp": {
      "version": "0.3.5",
      "inBundle": true,
      "license": "MIT"
    },
    "node_modules/node-gyp": {
      "version": "0.13.0",
      "inBundle": true,
      "dependencies": {
        "fstream": "0",
        "glob": "3",
        "graceful-fs": "2",
        "minimatch": "0",
        "mkdirp": "0",
        "nopt": "2",
        "npmlog": "0",
        "osenv": "0",
        "request": "2",
        "rimraf": "2",
        "semver": "~2.2.1",
        "tar": "0",
        "which": "1"
      },
      "bin": {
        "node-gyp": "bin/node-gyp.js"
      },
      "engines": {
        "node": ">= 0.8.0"
      }
    },
    "node_modules/nopt": {
      "version": "2.2.1",
      "inBundle": true,
      "license": "MIT",
      "dependencies": {
        "abbrev": "1"
      },
      "bin": {
        "nopt": "bin/nopt.js"
      }
    },
    "node_modules/npm-install-checks": {
      "version": "1.0.0",
      "inBundle": true,
      "license": "BSD-2-Clause",
      "dependencies": {
        "npmlog": "0.0.6",
        "semver": "~2.2.1"
      }
    },
    "node_modules/npm-registry-client": {
      "version": "0.4.8",
      "inBundle": true,
      "license": "BSD",
      "dependencies": {
        "chownr": "0",
        "graceful-fs": "~2.0.0",
        "mkdirp": "~0.3.3",
        "request": "2 >=2.25.0",
        "retry": "0.6.0",
        "rimraf": "~2",
        "semver": "^2.2.1",
        "slide": "~1.1.3"
      },
      "optionalDependencies": {
        "npmlog": ""
      }
    },
    "node_modules/npm-registry-mock": {
      "version": "0.6.3",
      "resolved": "https://registry.npmjs.org/npm-registry-mock/-/npm-registry-mock-0.6.3.tgz",
      "integrity": "sha1-5LxxIDsQcxZeEgu542VSq5japOw=",
      "dev": true,
      "dependencies": {
        "hock": "~0.2.3",
        "util-extend": "~1.0.1"
      }
    },
    "node_modules/npm-user-validate": {
      "version": "0.0.3",
      "inBundle": true,
      "license": "BSD"
    },
    "node_modules/npmconf": {
      "version": "0.1.15",
      "inBundle": true,
      "license": "BSD",
      "dependencies": {
        "config-chain": "~1.1.8",
        "inherits": "~2.0.0",
        "ini": "~1.1.0",
        "mkdirp": "~0.3.3",
        "nopt": "2",
        "once": "~1.3.0",
        "osenv": "0.0.3",
        "semver": "2"
      }
    },
    "node_modules/npmconf/node_modules/config-chain": {
      "version": "1.1.8",
      "inBundle": true,
      "dependencies": {
        "ini": "1",
        "proto-list": "~1.2.1"
      }
    },
    "node_modules/npmconf/node_modules/config-chain/node_modules/proto-list": {
      "version": "1.2.2",
      "inBundle": true,
      "license": "MIT"
    },
    "node_modules/npmlog": {
      "version": "0.0.6",
      "inBundle": true,
      "license": "BSD",
      "dependencies": {
        "ansi": "~0.2.1"
      }
    },
    "node_modules/once": {
      "version": "1.3.0",
      "inBundle": true,
      "license": "BSD"
    },
    "node_modules/opener": {
      "version": "1.3.0",
      "inBundle": true,
      "license": "WTFPL",
      "bin": {
        "opener": "opener.js"
      }
    },
    "node_modules/osenv": {
      "version": "0.0.3",
      "inBundle": true,
      "license": "BSD"
    },
    "node_modules/path-is-inside": {
      "version": "1.0.1",
      "inBundle": true,
      "license": "WTFPL"
    },
    "node_modules/read": {
      "version": "1.0.5",
      "inBundle": true,
      "license": "BSD",
      "dependencies": {
        "mute-stream": "~0.0.4"
      },
      "engines": {
        "node": ">=0.8"
      }
    },
    "node_modules/read-installed": {
      "version": "2.0.2",
      "inBundle": true,
      "license": "ISC",
      "dependencies": {
        "read-package-json": "1",
        "semver": "2",
        "slide": "~1.1.3",
        "util-extend": "^1.0.1"
      },
      "optionalDependencies": {
        "graceful-fs": "~2"
      }
    },
    "node_modules/read-package-json": {
      "version": "1.1.9",
      "inBundle": true,
      "license": "ISC",
      "dependencies": {
        "glob": "~3.2.1",
        "lru-cache": "2",
        "normalize-package-data": "^0.2.13"
      },
      "optionalDependencies": {
        "graceful-fs": "2"
      }
    },
    "node_modules/read-package-json/node_modules/normalize-package-data": {
      "version": "0.2.13",
      "inBundle": true,
      "dependencies": {
        "github-url-from-git": "~1.1.1",
        "github-url-from-username-repo": "^0.1.0",
        "semver": "2"
      }
    },
    "node_modules/read/node_modules/mute-stream": {
      "version": "0.0.4",
      "inBundle": true,
      "license": "BSD"
    },
    "node_modules/request": {
      "version": "2.30.0",
      "engines": [
        "node >= 0.8.0"
      ],
      "inBundle": true,
      "dependencies": {
        "forever-agent": "~0.5.0",
        "json-stringify-safe": "~5.0.0",
        "mime": "~1.2.9",
        "node-uuid": "~1.4.0",
        "qs": "~0.6.0"
      },
      "optionalDependencies": {
        "aws-sign2": "~0.5.0",
        "form-data": "~0.1.0",
        "hawk": "~1.0.0",
        "http-signature": "~0.10.0",
        "oauth-sign": "~0.3.0",
        "tough-cookie": "~0.9.15",
        "tunnel-agent": "~0.3.0"
      }
    },
    "node_modules/request/node_modules/aws-sign2": {
      "version": "0.5.0",
      "inBundle": true,
      "optional": true,
      "engines": {
        "node": "*"
      }
    },
    "node_modules/request/node_modules/forever-agent": {
      "version": "0.5.0",
      "inBundle": true,
      "engines": {
        "node": "*"
      }
    },
    "node_modules/request/node_modules/form-data": {
      "version": "0.1.2",
      "inBundle": true,
      "optional": true,
      "dependencies": {
        "async": "~0.2.9",
        "combined-stream": "~0.0.4",
        "mime": "~1.2.11"
      },
      "engines": {
        "node": ">= 0.6"
      }
    },
    "node_modules/request/node_modules/form-data/node_modules/async": {
      "version": "0.2.9",
      "inBundle": true,
      "optional": true
    },
    "node_modules/request/node_modules/form-data/node_modules/combined-stream": {
      "version": "0.0.4",
      "inBundle": true,
      "optional": true,
      "dependencies": {
        "delayed-stream": "0.0.5"
      },
      "engines": {
        "node": "*"
      }
    },
    "node_modules/request/node_modules/form-data/node_modules/combined-stream/node_modules/delayed-stream": {
      "version": "0.0.5",
      "inBundle": true,
      "optional": true,
      "engines": {
        "node": ">=0.4.0"
      }
    },
    "node_modules/request/node_modules/hawk": {
      "version": "1.0.0",
      "inBundle": true,
      "optional": true,
      "dependencies": {
        "boom": "0.4.x",
        "cryptiles": "0.2.x",
        "hoek": "0.9.x",
        "sntp": "0.2.x"
      },
      "engines": {
        "node": ">=0.8.0"
      }
    },
    "node_modules/request/node_modules/hawk/node_modules/boom": {
      "version": "0.4.2",
      "inBundle": true,
      "optional": true,
      "dependencies": {
        "hoek": "0.9.x"
      },
      "engines": {
        "node": ">=0.8.0"
      }
    },
    "node_modules/request/node_modules/hawk/node_modules/cryptiles": {
      "version": "0.2.2",
      "inBundle": true,
      "optional": true,
      "dependencies": {
        "boom": "0.4.x"
      },
      "engines": {
        "node": ">=0.8.0"
      }
    },
    "node_modules/request/node_modules/hawk/node_modules/hoek": {
      "version": "0.9.1",
      "inBundle": true,
      "optional": true,
      "engines": {
        "node": ">=0.8.0"
      }
    },
    "node_modules/request/node_modules/hawk/node_modules/sntp": {
      "version": "0.2.4",
      "inBundle": true,
      "optional": true,
      "dependencies": {
        "hoek": "0.9.x"
      },
      "engines": {
        "node": ">=0.8.0"
      }
    },
    "node_modules/request/node_modules/http-signature": {
      "version": "0.10.0",
      "inBundle": true,
      "optional": true,
      "dependencies": {
        "asn1": "0.1.11",
        "assert-plus": "0.1.2",
        "ctype": "0.5.2"
      },
      "engines": {
        "node": ">=0.8"
      }
    },
    "node_modules/request/node_modules/http-signature/node_modules/asn1": {
      "version": "0.1.11",
      "inBundle": true,
      "optional": true,
      "engines": {
        "node": ">=0.4.9"
      }
    },
    "node_modules/request/node_modules/http-signature/node_modules/assert-plus": {
      "version": "0.1.2",
      "inBundle": true,
      "optional": true,
      "engines": {
        "node": ">=0.6"
      }
    },
    "node_modules/request/node_modules/http-signature/node_modules/ctype": {
      "version": "0.5.2",
      "inBundle": true,
      "optional": true,
      "engines": {
        "node": ">= 0.4"
      }
    },
    "node_modules/request/node_modules/json-stringify-safe": {
      "version": "5.0.0",
      "inBundle": true,
      "license": "BSD"
    },
    "node_modules/request/node_modules/mime": {
      "version": "1.2.11",
      "inBundle": true
    },
    "node_modules/request/node_modules/node-uuid": {
      "version": "1.4.1",
      "inBundle": true
    },
    "node_modules/request/node_modules/oauth-sign": {
      "version": "0.3.0",
      "inBundle": true,
      "optional": true,
      "engines": {
        "node": "*"
      }
    },
    "node_modules/request/node_modules/qs": {
      "version": "0.6.6",
      "inBundle": true,
      "engines": {
        "node": "*"
      }
    },
    "node_modules/request/node_modules/tough-cookie": {
      "version": "0.9.15",
      "inBundle": true,
      "optional": true,
      "dependencies": {
        "punycode": ">=0.2.0"
      },
      "engines": {
        "node": ">=0.4.12"
      }
    },
    "node_modules/request/node_modules/tough-cookie/node_modules/punycode": {
      "version": "1.2.3",
      "engines": [
        "node",
        "rhino"
      ],
      "inBundle": true,
      "optional": true
    },
    "node_modules/request/node_modules/tunnel-agent": {
      "version": "0.3.0",
      "inBundle": true,
      "optional": true,
      "engines": {
        "node": "*"
      }
    },
    "node_modules/retry": {
      "version": "0.6.0",
      "inBundle": true,
      "engines": {
        "node": "*"
      }
    },
    "node_modules/rimraf": {
      "version": "2.2.6",
      "inBundle": true,
      "license": "MIT",
      "bin": {
        "rimraf": "bin.js"
      }
    },
    "node_modules/ronn": {
      "version": "0.3.8",
      "resolved": "https://registry.npmjs.org/ronn/-/ronn-0.3.8.tgz",
      "integrity": "sha1-8BpRhW9GzKaJiO9T5jNMWak0I0o=",
      "deprecated": "No longer maintained",
      "dev": true,
      "dependencies": {
        "opts": ">=1.2.0"
      },
      "bin": {
        "ronn": "bin/ronn.js"
      },
      "engines": {
        "node": ">=0.4"
      }
    },
    "node_modules/ronn/node_modules/opts": {
      "version": "2.0.2",
      "dev": true,
      "license": "BSD-2-Clause"
    },
    "node_modules/runforcover": {
      "version": "0.0.2",
      "resolved": "https://registry.npmjs.org/runforcover/-/runforcover-0.0.2.tgz",
      "integrity": "sha1-NE8FfY1F0zrrxsyCIEZ49pxIV8w=",
      "dev": true,
      "dependencies": {
        "bunker": "0.1.X"
      },
      "engines": {
        "node": "*"
      }
    },
    "node_modules/semver": {
      "version": "2.2.1",
      "inBundle": true,
      "license": "BSD",
      "bin": {
        "semver": "bin/semver"
      }
    },
    "node_modules/sha": {
      "version": "1.2.3",
      "inBundle": true,
      "license": "BSD",
      "optionalDependencies": {
        "graceful-fs": "2",
        "readable-stream": "1.0"
      }
    },
    "node_modules/sha/node_modules/readable-stream": {
      "version": "1.0.24",
      "inBundle": true,
      "license": "BSD",
      "optional": true
    },
    "node_modules/slide": {
      "version": "1.1.5",
      "inBundle": true,
      "license": "ISC",
      "engines": {
        "node": "*"
      }
    },
    "node_modules/sorted-object": {
      "version": "1.0.0",
      "inBundle": true,
      "license": "WTFPL"
    },
    "node_modules/tap": {
      "version": "0.4.13",
      "resolved": "https://registry.npmjs.org/tap/-/tap-0.4.13.tgz",
      "integrity": "sha1-OYYTTWdZcn/CIj5hEm7rhyQ6zLw=",
      "dev": true,
      "dependencies": {
        "buffer-equal": "~0.0.0",
        "deep-equal": "~0.0.0",
        "difflet": "~0.2.0",
        "glob": "~3.2.1",
        "inherits": "*",
        "mkdirp": "~0.3 || 0.4 || 0.5",
        "nopt": "~2",
        "runforcover": "~0.0.2",
        "slide": "*",
        "yamlish": "*"
      },
      "bin": {
        "tap": "bin/tap.js"
      },
      "engines": {
        "node": ">=0.8"
      }
    },
    "node_modules/tap/node_modules/deep-equal": {
      "version": "0.0.0",
      "resolved": "https://registry.npmjs.org/deep-equal/-/deep-equal-0.0.0.tgz",
      "integrity": "sha1-mWedO70EcVb81FDT0B7rkGhpHoM=",
      "dev": true,
      "engines": {
        "node": "*"
      }
    },
    "node_modules/tar": {
      "version": "0.1.19",
      "inBundle": true,
      "license": "BSD",
      "dependencies": {
        "block-stream": "*",
        "fstream": "~0.1.8",
        "inherits": "2"
      }
    },
    "node_modules/text-table": {
      "version": "0.2.0",
      "inBundle": true,
      "license": "MIT"
    },
    "node_modules/traverse": {
      "version": "0.6.6",
      "resolved": "https://registry.npmjs.org/traverse/-/traverse-0.6.6.tgz",
      "integrity": "sha1-y99WD9e5r2MlAv7UD5GMFX6pcTc=",
      "dev": true
    },
    "node_modules/uglify-js": {
      "version": "1.1.1",
      "resolved": "https://registry.npmjs.org/uglify-js/-/uglify-js-1.1.1.tgz",
      "integrity": "sha1-7nGpfEzv0GoamyBDfzQRiYKqA1s=",
      "dev": true,
      "bin": {
        "uglifyjs": "bin/uglifyjs"
      },
      "engines": {
        "node": "*"
      }
    },
    "node_modules/uid-number": {
      "version": "0.0.5",
      "inBundle": true,
      "license": "ISC",
      "engines": {
        "node": "*"
      }
    },
    "node_modules/util-extend": {
      "version": "1.0.3",
      "resolved": "https://registry.npmjs.org/util-extend/-/util-extend-1.0.3.tgz",
      "integrity": "sha1-p8IW0mdUUWljeztu3GypEZ4v+T8=",
      "inBundle": true
    },
    "node_modules/which": {
      "version": "1.0.5",
      "inBundle": true,
      "bin": {
        "which": "bin/which"
      },
      "engines": {
        "node": "*"
      }
    },
    "node_modules/yamlish": {
      "version": "0.0.7",
      "resolved": "https://registry.npmjs.org/yamlish/-/yamlish-0.0.7.tgz",
      "integrity": "sha1-tK+aHcxjYYhzw9bkUewyE8OaV/s=",
      "dev": true
    }
  },
  "dependencies": {
    "abbrev": {
      "version": "1.0.4"
    },
    "ansi": {
      "version": "0.2.1"
    },
    "ansicolors": {
      "version": "0.3.2"
    },
    "ansistyles": {
      "version": "0.1.3"
    },
    "archy": {
      "version": "0.0.2"
    },
    "block-stream": {
      "version": "0.0.7",
      "requires": {
        "inherits": "~2.0.0"
      }
    },
    "buffer-equal": {
      "version": "0.0.2",
      "resolved": "https://registry.npmjs.org/buffer-equal/-/buffer-equal-0.0.2.tgz",
      "integrity": "sha1-7Lt5D1aNQAmKYkK1SAXHWAXrk48=",
      "dev": true
    },
    "bunker": {
      "version": "0.1.2",
      "resolved": "https://registry.npmjs.org/bunker/-/bunker-0.1.2.tgz",
      "integrity": "sha1-yImSRkqOKm7ehpMDdfkrWAd++Xw=",
      "dev": true,
      "requires": {
        "burrito": ">=0.2.5 <0.3"
      }
    },
    "burrito": {
      "version": "0.2.12",
      "resolved": "https://registry.npmjs.org/burrito/-/burrito-0.2.12.tgz",
      "integrity": "sha1-0NbmrIHV6ZeJxvpKzLCwAx6lT2s=",
      "dev": true,
      "requires": {
        "traverse": "~0.5.1",
        "uglify-js": "~1.1.1"
      },
      "dependencies": {
        "traverse": {
          "version": "0.5.2",
          "resolved": "https://registry.npmjs.org/traverse/-/traverse-0.5.2.tgz",
          "integrity": "sha1-4gPFjV9/DjfbbnTArLkpuwm2HYU=",
          "dev": true
        }
      }
    },
    "charm": {
      "version": "0.1.2",
      "resolved": "https://registry.npmjs.org/charm/-/charm-0.1.2.tgz",
      "integrity": "sha1-BsIe7RobBq62dVPNxT4jJ0usIpY=",
      "dev": true
    },
    "child-process-close": {
      "version": "0.1.1"
    },
    "chmodr": {
      "version": "0.1.0"
    },
    "chownr": {
      "version": "0.0.1"
    },
    "cmd-shim": {
      "version": "1.1.1",
      "requires": {
        "graceful-fs": "2",
        "mkdirp": "~0.3.3"
      }
    },
    "columnify": {
      "version": "0.1.2"
    },
    "deep-equal": {
      "version": "0.2.1",
      "resolved": "https://registry.npmjs.org/deep-equal/-/deep-equal-0.2.1.tgz",
      "integrity": "sha1-+tenkyJMvww8d4b5LveA5PyMyHg=",
      "dev": true
    },
    "deep-is": {
      "version": "0.1.4",
      "resolved": "https://registry.npmjs.org/deep-is/-/deep-is-0.1.4.tgz",
      "integrity": "sha512-oIPzksmTg4/MriiaYGO+okXDT7ztn/w3Eptv/+gSIdMdKsJo0u4CfYNFJPy+4SKMuCqGw2wxnA+URMg3t8a/bQ==",
      "dev": true
    },
    "difflet": {
      "version": "0.2.6",
      "resolved": "https://registry.npmjs.org/difflet/-/difflet-0.2.6.tgz",
      "integrity": "sha1-qyOzH1ZJtvqo49KsvTNEZzZcpvo=",
      "dev": true,
      "requires": {
        "charm": "0.1.x",
        "deep-is": "0.1.x",
        "traverse": "0.6.x"
      }
    },
    "editor": {
      "version": "0.0.5"
    },
    "fstream": {
      "version": "0.1.25",
      "requires": {
        "graceful-fs": "~2.0.0",
        "inherits": "~2.0.0",
        "mkdirp": "0.3",
        "rimraf": "2"
      }
    },
    "fstream-npm": {
      "version": "0.1.6",
      "requires": {
        "fstream-ignore": "~0.0.5",
        "inherits": "2"
      },
      "dependencies": {
        "fstream-ignore": {
          "version": "0.0.7",
          "requires": {
            "fstream": "~0.1.17",
            "inherits": "2",
            "minimatch": "~0.2.0"
          }
        }
      }
    },
    "github-url-from-git": {
      "version": "1.1.1"
    },
    "github-url-from-username-repo": {
      "version": "0.1.0"
    },
    "glob": {
      "version": "3.2.9",
      "requires": {
        "inherits": "2",
        "minimatch": "~0.2.11"
      }
    },
    "graceful-fs": {
      "version": "2.0.2"
    },
    "hock": {
      "version": "0.2.5",
      "resolved": "https://registry.npmjs.org/hock/-/hock-0.2.5.tgz",
      "integrity": "sha1-Fk+wUFRMRqM27RmRby8GMAhY0/8=",
      "dev": true,
      "requires": {
        "deep-equal": "0.2.1"
      }
    },
    "inherits": {
      "version": "2.0.1"
    },
    "ini": {
      "version": "1.1.0"
    },
    "init-package-json": {
      "version": "0.0.16",
      "requires": {
        "glob": "~3.2.7",
        "promzard": "~0.2.0",
        "read": "~1.0.1",
        "read-package-json": "1",
        "semver": "2.x"
      },
      "dependencies": {
        "promzard": {
          "version": "0.2.1",
          "requires": {
            "read": "1"
          }
        }
      }
    },
    "lockfile": {
      "version": "0.4.2"
    },
    "lru-cache": {
      "version": "2.5.0"
    },
    "minimatch": {
      "version": "0.2.14",
      "requires": {
        "lru-cache": "2",
        "sigmund": "~1.0.0"
      },
      "dependencies": {
        "sigmund": {
          "version": "1.0.0"
        }
      }
    },
    "mkdirp": {
      "version": "0.3.5"
    },
    "node-gyp": {
      "version": "0.13.0",
      "requires": {
        "fstream": "0",
        "glob": "3",
        "graceful-fs": "2",
        "minimatch": "0",
        "mkdirp": "0",
        "nopt": "2",
        "npmlog": "0",
        "osenv": "0",
        "request": "2",
        "rimraf": "2",
        "semver": "~2.2.1",
        "tar": "0",
        "which": "1"
      }
    },
    "nopt": {
      "version": "2.2.1",
      "requires": {
        "abbrev": "1"
      }
    },
    "npm-install-checks": {
      "version": "1.0.0",
      "requires": {
        "npmlog": "0.0.6",
        "semver": "~2.2.1"
      }
    },
    "npm-registry-client": {
      "version": "0.4.8",
      "requires": {
        "chownr": "0",
        "graceful-fs": "~2.0.0",
        "mkdirp": "~0.3.3",
        "npmlog": "",
        "request": "2 >=2.25.0",
        "retry": "0.6.0",
        "rimraf": "~2",
        "semver": "^2.2.1",
        "slide": "~1.1.3"
      }
    },
    "npm-registry-mock": {
      "version": "0.6.3",
      "resolved": "https://registry.npmjs.org/npm-registry-mock/-/npm-registry-mock-0.6.3.tgz",
      "integrity": "sha1-5LxxIDsQcxZeEgu542VSq5japOw=",
      "dev": true,
      "requires": {
        "hock": "~0.2.3",
        "util-extend": "~1.0.1"
      }
    },
    "npm-user-validate": {
      "version": "0.0.3"
    },
    "npmconf": {
      "version": "0.1.15",
      "requires": {
        "config-chain": "~1.1.8",
        "inherits": "~2.0.0",
        "ini": "~1.1.0",
        "mkdirp": "~0.3.3",
        "nopt": "2",
        "once": "~1.3.0",
        "osenv": "0.0.3",
        "semver": "2"
      },
      "dependencies": {
        "config-chain": {
          "version": "1.1.8",
          "requires": {
            "ini": "1",
            "proto-list": "~1.2.1"
          },
          "dependencies": {
            "proto-list": {
              "version": "1.2.2"
            }
          }
        }
      }
    },
    "npmlog": {
      "version": "0.0.6",
      "requires": {
        "ansi": "~0.2.1"
      }
    },
    "once": {
      "version": "1.3.0"
    },
    "opener": {
      "version": "1.3.0"
    },
    "osenv": {
      "version": "0.0.3"
    },
    "path-is-inside": {
      "version": "1.0.1"
    },
    "read": {
      "version": "1.0.5",
      "requires": {
        "mute-stream": "~0.0.4"
      },
      "dependencies": {
        "mute-stream": {
          "version": "0.0.4"
        }
      }
    },
    "read-installed": {
      "version": "2.0.2",
      "requires": {
        "graceful-fs": "~2",
        "read-package-json": "1",
        "semver": "2",
        "slide": "~1.1.3",
        "util-extend": "^1.0.1"
      }
    },
    "read-package-json": {
      "version": "1.1.9",
      "requires": {
        "glob": "~3.2.1",
        "graceful-fs": "2",
        "lru-cache": "2",
        "normalize-package-data": "^0.2.13"
      },
      "dependencies": {
        "normalize-package-data": {
          "version": "0.2.13",
          "requires": {
            "github-url-from-git": "~1.1.1",
            "github-url-from-username-repo": "^0.1.0",
            "semver": "2"
          }
        }
      }
    },
    "request": {
      "version": "2.30.0",
      "requires": {
        "aws-sign2": "~0.5.0",
        "forever-agent": "~0.5.0",
        "form-data": "~0.1.0",
        "hawk": "~1.0.0",
        "http-signature": "~0.10.0",
        "json-stringify-safe": "~5.0.0",
        "mime": "~1.2.9",
        "node-uuid": "~1.4.0",
        "oauth-sign": "~0.3.0",
        "qs": "~0.6.0",
        "tough-cookie": "~0.9.15",
        "tunnel-agent": "~0.3.0"
      },
      "dependencies": {
        "aws-sign2": {
          "version": "0.5.0",
          "optional": true
        },
        "forever-agent": {
          "version": "0.5.0"
        },
        "form-data": {
          "version": "0.1.2",
          "optional": true,
          "requires": {
            "async": "~0.2.9",
            "combined-stream": "~0.0.4",
            "mime": "~1.2.11"
          },
          "dependencies": {
            "async": {
              "version": "0.2.9",
              "optional": true
            },
            "combined-stream": {
              "version": "0.0.4",
              "optional": true,
              "requires": {
                "delayed-stream": "0.0.5"
              },
              "dependencies": {
                "delayed-stream": {
                  "version": "0.0.5",
                  "optional": true
                }
              }
            }
          }
        },
        "hawk": {
          "version": "1.0.0",
          "optional": true,
          "requires": {
            "boom": "0.4.x",
            "cryptiles": "0.2.x",
            "hoek": "0.9.x",
            "sntp": "0.2.x"
          },
          "dependencies": {
            "boom": {
              "version": "0.4.2",
              "optional": true,
              "requires": {
                "hoek": "0.9.x"
              }
            },
            "cryptiles": {
              "version": "0.2.2",
              "optional": true,
              "requires": {
                "boom": "0.4.x"
              }
            },
            "hoek": {
              "version": "0.9.1",
              "optional": true
            },
            "sntp": {
              "version": "0.2.4",
              "optional": true,
              "requires": {
                "hoek": "0.9.x"
              }
            }
          }
        },
        "http-signature": {
          "version": "0.10.0",
          "optional": true,
          "requires": {
            "asn1": "0.1.11",
            "assert-plus": "0.1.2",
            "ctype": "0.5.2"
          },
          "dependencies": {
            "asn1": {
              "version": "0.1.11",
              "optional": true
            },
            "assert-plus": {
              "version": "0.1.2",
              "optional": true
            },
            "ctype": {
              "version": "0.5.2",
              "optional": true
            }
          }
        },
        "json-stringify-safe": {
          "version": "5.0.0"
        },
        "mime": {
          "version": "1.2.11"
        },
        "node-uuid": {
          "version": "1.4.1"
        },
        "oauth-sign": {
          "version": "0.3.0",
          "optional": true
        },
        "qs": {
          "version": "0.6.6"
        },
        "tough-cookie": {
          "version": "0.9.15",
          "optional": true,
          "requires": {
            "punycode": ">=0.2.0"
          },
          "dependencies": {
            "punycode": {
              "version": "1.2.3",
              "optional": true
            }
          }
        },
        "tunnel-agent": {
          "version": "0.3.0",
          "optional": true
        }
      }
    },
    "retry": {
      "version": "0.6.0"
    },
    "rimraf": {
      "version": "2.2.6"
    },
    "ronn": {
      "version": "0.3.8",
      "resolved": "https://registry.npmjs.org/ronn/-/ronn-0.3.8.tgz",
      "integrity": "sha1-8BpRhW9GzKaJiO9T5jNMWak0I0o=",
      "dev": true,
      "requires": {
        "opts": ">=1.2.0"
      },
      "dependencies": {
        "opts": {
          "version": "2.0.2",
          "dev": true
        }
      }
    },
    "runforcover": {
      "version": "0.0.2",
      "resolved": "https://registry.npmjs.org/runforcover/-/runforcover-0.0.2.tgz",
      "integrity": "sha1-NE8FfY1F0zrrxsyCIEZ49pxIV8w=",
      "dev": true,
      "requires": {
        "bunker": "0.1.X"
      }
    },
    "semver": {
      "version": "2.2.1"
    },
    "sha": {
      "version": "1.2.3",
      "requires": {
        "graceful-fs": "2",
        "readable-stream": "1.0"
      },
      "dependencies": {
        "readable-stream": {
          "version": "1.0.24",
          "optional": true
        }
      }
    },
    "slide": {
      "version": "1.1.5"
    },
    "sorted-object": {
      "version": "1.0.0"
    },
    "tap": {
      "version": "0.4.13",
      "resolved": "https://registry.npmjs.org/tap/-/tap-0.4.13.tgz",
      "integrity": "sha1-OYYTTWdZcn/CIj5hEm7rhyQ6zLw=",
      "dev": true,
      "requires": {
        "buffer-equal": "~0.0.0",
        "deep-equal": "~0.0.0",
        "difflet": "~0.2.0",
        "glob": "~3.2.1",
        "inherits": "*",
        "mkdirp": "~0.3 || 0.4 || 0.5",
        "nopt": "~2",
        "runforcover": "~0.0.2",
        "slide": "*",
        "yamlish": "*"
      },
      "dependencies": {
        "deep-equal": {
          "version": "0.0.0",
          "resolved": "https://registry.npmjs.org/deep-equal/-/deep-equal-0.0.0.tgz",
          "integrity": "sha1-mWedO70EcVb81FDT0B7rkGhpHoM=",
          "dev": true
        }
      }
    },
    "tar": {
      "version": "0.1.19",
      "requires": {
        "block-stream": "*",
        "fstream": "~0.1.8",
        "inherits": "2"
      }
    },
    "text-table": {
      "version": "0.2.0"
    },
    "traverse": {
      "version": "0.6.6",
      "resolved": "https://registry.npmjs.org/traverse/-/traverse-0.6.6.tgz",
      "integrity": "sha1-y99WD9e5r2MlAv7UD5GMFX6pcTc=",
      "dev": true
    },
    "uglify-js": {
      "version": "1.1.1",
      "resolved": "https://registry.npmjs.org/uglify-js/-/uglify-js-1.1.1.tgz",
      "integrity": "sha1-7nGpfEzv0GoamyBDfzQRiYKqA1s=",
      "dev": true
    },
    "uid-number": {
      "version": "0.0.5"
    },
    "util-extend": {
      "version": "1.0.3",
      "resolved": "https://registry.npmjs.org/util-extend/-/util-extend-1.0.3.tgz",
      "integrity": "sha1-p8IW0mdUUWljeztu3GypEZ4v+T8="
    },
    "which": {
      "version": "1.0.5"
    },
    "yamlish": {
      "version": "0.0.7",
      "resolved": "https://registry.npmjs.org/yamlish/-/yamlish-0.0.7.tgz",
      "integrity": "sha1-tK+aHcxjYYhzw9bkUewyE8OaV/s=",
      "dev": true
    }
  }
}
